
Microsoft Visual Studio Solution File, Format Version 12.00
# Visual Studio Version 16
VisualStudioVersion = 16.0.31605.320
MinimumVisualStudioVersion = 10.0.40219.1
Project("{FAE04EC0-301F-11D3-BF4B-00C04F79EFBC}") = "Unified Items", "Unified Items\Unified Items.csproj", "{3AACBA24-681A-43F5-8570-BC85D84654F6}"
EndProject
Global
	GlobalSection(SolutionConfigurationPlatforms) = preSolution
		Release|Any CPU = Release|Any CPU
	EndGlobalSection
	GlobalSection(ProjectConfigurationPlatforms) = postSolution
		{3AACBA24-681A-43F5-8570-BC85D84654F6}.Release|Any CPU.ActiveCfg = Release|Any CPU
		{3AACBA24-681A-43F5-8570-BC85D84654F6}.Release|Any CPU.Build.0 = Release|Any CPU
	EndGlobalSection
	GlobalSection(SolutionProperties) = preSolution
		HideSolutionNode = FALSE
	EndGlobalSection
	GlobalSection(ExtensibilityGlobals) = postSolution
		SolutionGuid = {DD367D3E-CEFF-427A-9BCF-B5F33F2F8065}
	EndGlobalSection
EndGlobal
